
Microsoft Visual Studio Solution File, Format Version 12.00
# Visual Studio Version 17
VisualStudioVersion = 17.9.34728.123
MinimumVisualStudioVersion = 10.0.40219.1
Project("{FAE04EC0-301F-11D3-BF4B-00C04F79EFBC}") = "sprint4", "sprint4\sprint4.csproj", "{582EB989-4B3A-4B72-A894-37244C12403F}"
EndProject
Global
	GlobalSection(SolutionConfigurationPlatforms) = preSolution
		Debug|Any CPU = Debug|Any CPU
		Release|Any CPU = Release|Any CPU
	EndGlobalSection
	GlobalSection(ProjectConfigurationPlatforms) = postSolution
		{582EB989-4B3A-4B72-A894-37244C12403F}.Debug|Any CPU.ActiveCfg = Debug|Any CPU
		{582EB989-4B3A-4B72-A894-37244C12403F}.Debug|Any CPU.Build.0 = Debug|Any CPU
		{582EB989-4B3A-4B72-A894-37244C12403F}.Release|Any CPU.ActiveCfg = Release|Any CPU
		{582EB989-4B3A-4B72-A894-37244C12403F}.Release|Any CPU.Build.0 = Release|Any CPU
	EndGlobalSection
	GlobalSection(SolutionProperties) = preSolution
		HideSolutionNode = FALSE
	EndGlobalSection
	GlobalSection(ExtensibilityGlobals) = postSolution
		SolutionGuid = {A59A664B-98E3-435D-B21C-12CBFC898469}
	EndGlobalSection
EndGlobal
